
Microsoft Visual Studio Solution File, Format Version 12.00
# Visual Studio Version 16
VisualStudioVersion = 16.0.29609.76
MinimumVisualStudioVersion = 10.0.40219.1
Project("{FAE04EC0-301F-11D3-BF4B-00C04F79EFBC}") = "polygon", "polygon\polygon.csproj", "{C4AC7177-B67A-4758-BF39-9D0AAEC2375A}"
EndProject
Global
	GlobalSection(SolutionConfigurationPlatforms) = preSolution
		Debug|Any CPU = Debug|Any CPU
		Release|Any CPU = Release|Any CPU
	EndGlobalSection
	GlobalSection(ProjectConfigurationPlatforms) = postSolution
		{C4AC7177-B67A-4758-BF39-9D0AAEC2375A}.Debug|Any CPU.ActiveCfg = Debug|Any CPU
		{C4AC7177-B67A-4758-BF39-9D0AAEC2375A}.Debug|Any CPU.Build.0 = Debug|Any CPU
		{C4AC7177-B67A-4758-BF39-9D0AAEC2375A}.Release|Any CPU.ActiveCfg = Release|Any CPU
		{C4AC7177-B67A-4758-BF39-9D0AAEC2375A}.Release|Any CPU.Build.0 = Release|Any CPU
	EndGlobalSection
	GlobalSection(SolutionProperties) = preSolution
		HideSolutionNode = FALSE
	EndGlobalSection
	GlobalSection(ExtensibilityGlobals) = postSolution
		SolutionGuid = {1842848B-C9E6-4E28-9285-95C0803AA4A9}
	EndGlobalSection
EndGlobal
