
Microsoft Visual Studio Solution File, Format Version 12.00
# Visual Studio Version 16
VisualStudioVersion = 16.0.29609.76
MinimumVisualStudioVersion = 10.0.40219.1
Project("{FAE04EC0-301F-11D3-BF4B-00C04F79EFBC}") = "List用法", "List用法\List用法.csproj", "{9E337FF5-3E65-4A43-8FC1-B9D7093D0BD6}"
EndProject
Global
	GlobalSection(SolutionConfigurationPlatforms) = preSolution
		Debug|Any CPU = Debug|Any CPU
		Release|Any CPU = Release|Any CPU
	EndGlobalSection
	GlobalSection(ProjectConfigurationPlatforms) = postSolution
		{9E337FF5-3E65-4A43-8FC1-B9D7093D0BD6}.Debug|Any CPU.ActiveCfg = Debug|Any CPU
		{9E337FF5-3E65-4A43-8FC1-B9D7093D0BD6}.Debug|Any CPU.Build.0 = Debug|Any CPU
		{9E337FF5-3E65-4A43-8FC1-B9D7093D0BD6}.Release|Any CPU.ActiveCfg = Release|Any CPU
		{9E337FF5-3E65-4A43-8FC1-B9D7093D0BD6}.Release|Any CPU.Build.0 = Release|Any CPU
	EndGlobalSection
	GlobalSection(SolutionProperties) = preSolution
		HideSolutionNode = FALSE
	EndGlobalSection
	GlobalSection(ExtensibilityGlobals) = postSolution
		SolutionGuid = {0CD16E06-7611-4603-B885-F3D8D2D2A91F}
	EndGlobalSection
EndGlobal
